
Microsoft Visual Studio Solution File, Format Version 12.00
# Visual Studio Version 17
VisualStudioVersion = 17.5.33414.496
MinimumVisualStudioVersion = 10.0.40219.1
Project("{FAE04EC0-301F-11D3-BF4B-00C04F79EFBC}") = "SLD521 FA2 Michaeleah-Anne Murray", "SLD521 FA2 Michaeleah-Anne Murray\SLD521 FA2 Michaeleah-Anne Murray.csproj", "{E076C125-F815-4C62-9E21-AFF311F95DDA}"
EndProject
Global
	GlobalSection(SolutionConfigurationPlatforms) = preSolution
		Debug|Any CPU = Debug|Any CPU
		Release|Any CPU = Release|Any CPU
	EndGlobalSection
	GlobalSection(ProjectConfigurationPlatforms) = postSolution
		{E076C125-F815-4C62-9E21-AFF311F95DDA}.Debug|Any CPU.ActiveCfg = Debug|Any CPU
		{E076C125-F815-4C62-9E21-AFF311F95DDA}.Debug|Any CPU.Build.0 = Debug|Any CPU
		{E076C125-F815-4C62-9E21-AFF311F95DDA}.Release|Any CPU.ActiveCfg = Release|Any CPU
		{E076C125-F815-4C62-9E21-AFF311F95DDA}.Release|Any CPU.Build.0 = Release|Any CPU
	EndGlobalSection
	GlobalSection(SolutionProperties) = preSolution
		HideSolutionNode = FALSE
	EndGlobalSection
	GlobalSection(ExtensibilityGlobals) = postSolution
		SolutionGuid = {23D51C52-6FA2-4CA0-8E13-5A43DB1CFDAD}
	EndGlobalSection
EndGlobal
